
Microsoft Visual Studio Solution File, Format Version 12.00
# Visual Studio Version 17
VisualStudioVersion = 17.4.33205.214
MinimumVisualStudioVersion = 10.0.40219.1
Project("{FAE04EC0-301F-11D3-BF4B-00C04F79EFBC}") = "GameDev", "GameDev\GameDev.csproj", "{69BF94A3-0124-4FAF-AE3B-33D26646F434}"
EndProject
Global
	GlobalSection(SolutionConfigurationPlatforms) = preSolution
		Debug|Any CPU = Debug|Any CPU
		Release|Any CPU = Release|Any CPU
	EndGlobalSection
	GlobalSection(ProjectConfigurationPlatforms) = postSolution
		{69BF94A3-0124-4FAF-AE3B-33D26646F434}.Debug|Any CPU.ActiveCfg = Debug|Any CPU
		{69BF94A3-0124-4FAF-AE3B-33D26646F434}.Debug|Any CPU.Build.0 = Debug|Any CPU
		{69BF94A3-0124-4FAF-AE3B-33D26646F434}.Release|Any CPU.ActiveCfg = Release|Any CPU
		{69BF94A3-0124-4FAF-AE3B-33D26646F434}.Release|Any CPU.Build.0 = Release|Any CPU
	EndGlobalSection
	GlobalSection(SolutionProperties) = preSolution
		HideSolutionNode = FALSE
	EndGlobalSection
	GlobalSection(ExtensibilityGlobals) = postSolution
		SolutionGuid = {D2AC1EC3-8E91-400D-8355-278BD984686F}
	EndGlobalSection
EndGlobal
